
Microsoft Visual Studio Solution File, Format Version 12.00
# Visual Studio Version 16
VisualStudioVersion = 16.0.30406.217
MinimumVisualStudioVersion = 10.0.40219.1
Project("{FAE04EC0-301F-11D3-BF4B-00C04F79EFBC}") = "Films", "Films\Films.csproj", "{04208ACA-3846-4F90-B4F4-AF2602140EAF}"
EndProject
Global
	GlobalSection(SolutionConfigurationPlatforms) = preSolution
		Debug|Any CPU = Debug|Any CPU
		Release|Any CPU = Release|Any CPU
	EndGlobalSection
	GlobalSection(ProjectConfigurationPlatforms) = postSolution
		{04208ACA-3846-4F90-B4F4-AF2602140EAF}.Debug|Any CPU.ActiveCfg = Debug|Any CPU
		{04208ACA-3846-4F90-B4F4-AF2602140EAF}.Debug|Any CPU.Build.0 = Debug|Any CPU
		{04208ACA-3846-4F90-B4F4-AF2602140EAF}.Release|Any CPU.ActiveCfg = Release|Any CPU
		{04208ACA-3846-4F90-B4F4-AF2602140EAF}.Release|Any CPU.Build.0 = Release|Any CPU
	EndGlobalSection
	GlobalSection(SolutionProperties) = preSolution
		HideSolutionNode = FALSE
	EndGlobalSection
	GlobalSection(ExtensibilityGlobals) = postSolution
		SolutionGuid = {245A41BB-8DF1-48B8-BA78-08B1B0FB0D81}
	EndGlobalSection
EndGlobal
